
Microsoft Visual Studio Solution File, Format Version 12.00
# Visual Studio 15
Project("{FAE04EC0-301F-11D3-BF4B-00C04F79EFBC}") = "Assembly-CSharp", "Assembly-CSharp.csproj", "{D297655E-8083-2115-AA14-E9A67017343D}"
EndProject
Project("{FAE04EC0-301F-11D3-BF4B-00C04F79EFBC}") = "Elringus.SpriteGlow.Runtime", "Elringus.SpriteGlow.Runtime.csproj", "{2E85504C-C18D-0D5A-72F4-4EA4D1FB4397}"
EndProject
Global
	GlobalSection(SolutionConfigurationPlatforms) = preSolution
		Debug|Any CPU = Debug|Any CPU
		Release|Any CPU = Release|Any CPU
	EndGlobalSection
	GlobalSection(ProjectConfigurationPlatforms) = postSolution
		{D297655E-8083-2115-AA14-E9A67017343D}.Debug|Any CPU.ActiveCfg = Debug|Any CPU
		{D297655E-8083-2115-AA14-E9A67017343D}.Debug|Any CPU.Build.0 = Debug|Any CPU
		{D297655E-8083-2115-AA14-E9A67017343D}.Release|Any CPU.ActiveCfg = Release|Any CPU
		{D297655E-8083-2115-AA14-E9A67017343D}.Release|Any CPU.Build.0 = Release|Any CPU
		{2E85504C-C18D-0D5A-72F4-4EA4D1FB4397}.Debug|Any CPU.ActiveCfg = Debug|Any CPU
		{2E85504C-C18D-0D5A-72F4-4EA4D1FB4397}.Debug|Any CPU.Build.0 = Debug|Any CPU
		{2E85504C-C18D-0D5A-72F4-4EA4D1FB4397}.Release|Any CPU.ActiveCfg = Release|Any CPU
		{2E85504C-C18D-0D5A-72F4-4EA4D1FB4397}.Release|Any CPU.Build.0 = Release|Any CPU
	EndGlobalSection
	GlobalSection(SolutionProperties) = preSolution
		HideSolutionNode = FALSE
	EndGlobalSection
EndGlobal
